%{
  "nimble_csv": {:hex, :nimble_csv, "1.2.0", "4e26385d260c61eba9d4412c71cea34421f296d5353f914afe3f2e71cce97722", [:mix], [], "hexpm", "d0628117fcc2148178b034044c55359b26966c6eaa8e2ce15777be3bbc91b12a"},
  "recase": {:hex, :recase, "0.8.1", "ab98cd35857a86fa5ca99036f575241d71d77d9c2ab0c39aacf1c9b61f6f7d1d", [:mix], [], "hexpm", "9fd8d63e7e43bd9ea385b12364e305778b2bbd92537e95c4b2e26fc507d5e4c2"},
  "styler": {:hex, :styler, "1.0.0", "87daf4a8e421d7678da78f9532a632974de6b8060b80d7827abec3bca5140173", [:mix], [], "hexpm", "4ba5bc40c5eaebe2bb05ec0bb7b5a889d38c6ea6865c584dffd360b3a94ec625"},
  "unzip": {:hex, :unzip, "0.12.0", "beed92238724732418b41eba77dcb7f51e235b707406c05b1732a3052d1c0f36", [:mix], [], "hexpm", "95655b72db368e5a84951f0bed586ac053b55ee3815fd96062fce10ce4fc998d"},
}
